{
  "version": 4,
  "terraform_version": "1.15.8",
  "serial": 47,
  "lineage": "2306f1db-97e4-a063-4cf1-e4983d4d8279",
  "outputs": {},
  "resources": [
    {
      "mode": "managed",
      "type": "libvirt_cloudinit_disk",
      "name": "seed",
      "provider": "provider[\"registry.terraform.io/dmacvicar/libvirt\"]",
      "instances": [
        {
          "index_key": 0,
          "schema_version": 0,
          "attributes": {
            "id": "/var/lib/libvirt/images/aeron_pool/web-node-1-seed.iso;67897bc3-8e59-4b6e-a072-3d6744ace98b",
            "meta_data": "",
            "name": "web-node-1-seed.iso",
            "network_config": "",
            "pool": "aeron_pool",
            "user_data": "#cloud-config\nhostname: web-node-1\nssh_pwauth: true\nusers:\n  - name: sysadmin\n    sudo: ALL=(ALL) NOPASSWD:ALL\n    groups: wheel\n    shell: /bin/bash\n    ssh_authorized_keys:\n      - ssh-ed25519 AAAAC3NzaC1lZDI1NTE5AAAAIB5+7jR6ASpqMqDJe9hgqe0ArwZx3qjyi5ZvzyLY6oSH\n"
          },
          "sensitive_attributes": [],
          "identity_schema_version": 0,
          "private": "bnVsbA==",
          "dependencies": [
            "libvirt_pool.aeron_pool",
            "tls_private_key.deploy"
          ]
        },
        {
          "index_key": 1,
          "schema_version": 0,
          "attributes": {
            "id": "/var/lib/libvirt/images/aeron_pool/web-node-2-seed.iso;9fd66f01-6e74-41c5-961a-a6001401e7ef",
            "meta_data": "",
            "name": "web-node-2-seed.iso",
            "network_config": "",
            "pool": "aeron_pool",
            "user_data": "#cloud-config\nhostname: web-node-2\nssh_pwauth: true\nusers:\n  - name: sysadmin\n    sudo: ALL=(ALL) NOPASSWD:ALL\n    groups: wheel\n    shell: /bin/bash\n    ssh_authorized_keys:\n      - ssh-ed25519 AAAAC3NzaC1lZDI1NTE5AAAAIB5+7jR6ASpqMqDJe9hgqe0ArwZx3qjyi5ZvzyLY6oSH\n"
          },
          "sensitive_attributes": [],
          "identity_schema_version": 0,
          "private": "bnVsbA==",
          "dependencies": [
            "libvirt_pool.aeron_pool",
            "tls_private_key.deploy"
          ]
        },
        {
          "index_key": 2,
          "schema_version": 0,
          "attributes": {
            "id": "/var/lib/libvirt/images/aeron_pool/db-node-1-seed.iso;401bad25-6185-4e9f-bf84-fc930129a2e7",
            "meta_data": "",
            "name": "db-node-1-seed.iso",
            "network_config": "",
            "pool": "aeron_pool",
            "user_data": "#cloud-config\nhostname: db-node-1\nssh_pwauth: true\nusers:\n  - name: sysadmin\n    sudo: ALL=(ALL) NOPASSWD:ALL\n    groups: wheel\n    shell: /bin/bash\n    ssh_authorized_keys:\n      - ssh-ed25519 AAAAC3NzaC1lZDI1NTE5AAAAIB5+7jR6ASpqMqDJe9hgqe0ArwZx3qjyi5ZvzyLY6oSH\n"
          },
          "sensitive_attributes": [],
          "identity_schema_version": 0,
          "private": "bnVsbA==",
          "dependencies": [
            "libvirt_pool.aeron_pool",
            "tls_private_key.deploy"
          ]
        }
      ]
    },
    {
      "mode": "managed",
      "type": "libvirt_domain",
      "name": "node",
      "provider": "provider[\"registry.terraform.io/dmacvicar/libvirt\"]",
      "instances": [
        {
          "index_key": 0,
          "schema_version": 0,
          "attributes": {
            "arch": "x86_64",
            "autostart": false,
            "boot_device": [],
            "cloudinit": null,
            "cmdline": null,
            "console": [
              {
                "source_host": "127.0.0.1",
                "source_path": "",
                "source_service": "0",
                "target_port": "0",
                "target_type": "serial",
                "type": "pty"
              }
            ],
            "coreos_ignition": null,
            "cpu": [
              {
                "mode": "host-passthrough"
              }
            ],
            "description": "",
            "disk": [
              {
                "block_device": "",
                "file": "",
                "scsi": false,
                "url": "",
                "volume_id": "/var/lib/libvirt/images/aeron_pool/web-node-1-os.qcow2",
                "wwn": ""
              },
              {
                "block_device": "",
                "file": "",
                "scsi": false,
                "url": "",
                "volume_id": "/var/lib/libvirt/images/aeron_pool/web-node-1-seed.iso",
                "wwn": ""
              }
            ],
            "emulator": "/usr/bin/qemu-system-x86_64",
            "filesystem": [],
            "firmware": "/usr/share/edk2/ovmf/OVMF_CODE.fd",
            "fw_cfg_name": "opt/com.coreos/config",
            "graphics": [],
            "id": "fd78d10e-c27b-4d7b-9fc0-e806946be744",
            "initrd": "",
            "kernel": "",
            "machine": "q35",
            "memory": 1536,
            "metadata": null,
            "name": "web-node-1",
            "network_interface": [
              {
                "addresses": [
                  "192.168.122.48"
                ],
                "bridge": "",
                "hostname": "",
                "mac": "52:54:00:06:18:3C",
                "macvtap": "",
                "network_id": "a2bfd58a-c76a-406d-954e-ee4eb330ede7",
                "network_name": "default",
                "passthrough": "",
                "private": "",
                "vepa": "",
                "wait_for_lease": true
              }
            ],
            "nvram": [
              {
                "file": "/var/lib/libvirt/images/aeron_pool/web-node-1_VARS.fd",
                "template": "/usr/share/edk2/ovmf/OVMF_VARS.secboot.fd"
              }
            ],
            "qemu_agent": false,
            "running": true,
            "timeouts": null,
            "tpm": [],
            "type": "kvm",
            "vcpu": 2,
            "video": [],
            "xml": []
          },
          "sensitive_attributes": [],
          "identity_schema_version": 0,
          "private": "eyJlMmJmYjczMC1lY2FhLTExZTYtOGY4OC0zNDM2M2JjN2M0YzAiOnsiY3JlYXRlIjozMDAwMDAwMDAwMDB9fQ==",
          "dependencies": [
            "libvirt_cloudinit_disk.seed",
            "libvirt_pool.aeron_pool",
            "libvirt_volume.golden",
            "libvirt_volume.os_disk",
            "tls_private_key.deploy"
          ]
        },
        {
          "index_key": 1,
          "schema_version": 0,
          "attributes": {
            "arch": "x86_64",
            "autostart": false,
            "boot_device": [],
            "cloudinit": null,
            "cmdline": null,
            "console": [
              {
                "source_host": "127.0.0.1",
                "source_path": "",
                "source_service": "0",
                "target_port": "0",
                "target_type": "serial",
                "type": "pty"
              }
            ],
            "coreos_ignition": null,
            "cpu": [
              {
                "mode": "host-passthrough"
              }
            ],
            "description": "",
            "disk": [
              {
                "block_device": "",
                "file": "",
                "scsi": false,
                "url": "",
                "volume_id": "/var/lib/libvirt/images/aeron_pool/web-node-2-os.qcow2",
                "wwn": ""
              },
              {
                "block_device": "",
                "file": "",
                "scsi": false,
                "url": "",
                "volume_id": "/var/lib/libvirt/images/aeron_pool/web-node-2-seed.iso",
                "wwn": ""
              }
            ],
            "emulator": "/usr/bin/qemu-system-x86_64",
            "filesystem": [],
            "firmware": "/usr/share/edk2/ovmf/OVMF_CODE.fd",
            "fw_cfg_name": "opt/com.coreos/config",
            "graphics": [],
            "id": "285078f5-2478-4b56-86a2-cea296d11ad3",
            "initrd": "",
            "kernel": "",
            "machine": "q35",
            "memory": 1536,
            "metadata": null,
            "name": "web-node-2",
            "network_interface": [
              {
                "addresses": [
                  "192.168.122.205"
                ],
                "bridge": "",
                "hostname": "",
                "mac": "52:54:00:DE:EC:CE",
                "macvtap": "",
                "network_id": "a2bfd58a-c76a-406d-954e-ee4eb330ede7",
                "network_name": "default",
                "passthrough": "",
                "private": "",
                "vepa": "",
                "wait_for_lease": true
              }
            ],
            "nvram": [
              {
                "file": "/var/lib/libvirt/images/aeron_pool/web-node-2_VARS.fd",
                "template": "/usr/share/edk2/ovmf/OVMF_VARS.secboot.fd"
              }
            ],
            "qemu_agent": false,
            "running": true,
            "timeouts": null,
            "tpm": [],
            "type": "kvm",
            "vcpu": 2,
            "video": [],
            "xml": []
          },
          "sensitive_attributes": [],
          "identity_schema_version": 0,
          "private": "eyJlMmJmYjczMC1lY2FhLTExZTYtOGY4OC0zNDM2M2JjN2M0YzAiOnsiY3JlYXRlIjozMDAwMDAwMDAwMDB9fQ==",
          "dependencies": [
            "libvirt_cloudinit_disk.seed",
            "libvirt_pool.aeron_pool",
            "libvirt_volume.golden",
            "libvirt_volume.os_disk",
            "tls_private_key.deploy"
          ]
        },
        {
          "index_key": 2,
          "schema_version": 0,
          "attributes": {
            "arch": "x86_64",
            "autostart": false,
            "boot_device": [],
            "cloudinit": null,
            "cmdline": null,
            "console": [
              {
                "source_host": "127.0.0.1",
                "source_path": "",
                "source_service": "0",
                "target_port": "0",
                "target_type": "serial",
                "type": "pty"
              }
            ],
            "coreos_ignition": null,
            "cpu": [
              {
                "mode": "host-passthrough"
              }
            ],
            "description": "",
            "disk": [
              {
                "block_device": "",
                "file": "",
                "scsi": false,
                "url": "",
                "volume_id": "/var/lib/libvirt/images/aeron_pool/db-node-1-os.qcow2",
                "wwn": ""
              },
              {
                "block_device": "",
                "file": "",
                "scsi": false,
                "url": "",
                "volume_id": "/var/lib/libvirt/images/aeron_pool/db-node-1-seed.iso",
                "wwn": ""
              }
            ],
            "emulator": "/usr/bin/qemu-system-x86_64",
            "filesystem": [],
            "firmware": "/usr/share/edk2/ovmf/OVMF_CODE.fd",
            "fw_cfg_name": "opt/com.coreos/config",
            "graphics": [],
            "id": "5e08a820-786a-40c1-884d-8d332dd53961",
            "initrd": "",
            "kernel": "",
            "machine": "q35",
            "memory": 1536,
            "metadata": null,
            "name": "db-node-1",
            "network_interface": [
              {
                "addresses": [
                  "192.168.122.103"
                ],
                "bridge": "",
                "hostname": "",
                "mac": "52:54:00:B2:4E:D8",
                "macvtap": "",
                "network_id": "a2bfd58a-c76a-406d-954e-ee4eb330ede7",
                "network_name": "default",
                "passthrough": "",
                "private": "",
                "vepa": "",
                "wait_for_lease": true
              }
            ],
            "nvram": [
              {
                "file": "/var/lib/libvirt/images/aeron_pool/db-node-1_VARS.fd",
                "template": "/usr/share/edk2/ovmf/OVMF_VARS.secboot.fd"
              }
            ],
            "qemu_agent": false,
            "running": true,
            "timeouts": null,
            "tpm": [],
            "type": "kvm",
            "vcpu": 2,
            "video": [],
            "xml": []
          },
          "sensitive_attributes": [],
          "identity_schema_version": 0,
          "private": "eyJlMmJmYjczMC1lY2FhLTExZTYtOGY4OC0zNDM2M2JjN2M0YzAiOnsiY3JlYXRlIjozMDAwMDAwMDAwMDB9fQ==",
          "dependencies": [
            "libvirt_cloudinit_disk.seed",
            "libvirt_pool.aeron_pool",
            "libvirt_volume.golden",
            "libvirt_volume.os_disk",
            "tls_private_key.deploy"
          ]
        }
      ]
    },
    {
      "mode": "managed",
      "type": "libvirt_pool",
      "name": "aeron_pool",
      "provider": "provider[\"registry.terraform.io/dmacvicar/libvirt\"]",
      "instances": [
        {
          "schema_version": 0,
          "attributes": {
            "allocation": 53832855552,
            "available": 40691027968,
            "capacity": 94523883520,
            "id": "e2daa8e4-c5a2-4db1-a31f-9ae211e81b42",
            "name": "aeron_pool",
            "path": null,
            "source": [],
            "target": [
              {
                "path": "/var/lib/libvirt/images/aeron_pool"
              }
            ],
            "type": "dir",
            "xml": []
          },
          "sensitive_attributes": [],
          "identity_schema_version": 0,
          "private": "bnVsbA=="
        }
      ]
    },
    {
      "mode": "managed",
      "type": "libvirt_volume",
      "name": "golden",
      "provider": "provider[\"registry.terraform.io/dmacvicar/libvirt\"]",
      "instances": [
        {
          "schema_version": 0,
          "attributes": {
            "base_volume_id": null,
            "base_volume_name": null,
            "base_volume_pool": null,
            "format": "qcow2",
            "id": "/var/lib/libvirt/images/aeron_pool/aeron-golden.qcow2",
            "name": "aeron-golden.qcow2",
            "pool": "aeron_pool",
            "size": 21474836480,
            "source": "../packer/output/alma10-golden.qcow2",
            "xml": []
          },
          "sensitive_attributes": [],
          "identity_schema_version": 0,
          "private": "bnVsbA==",
          "dependencies": [
            "libvirt_pool.aeron_pool"
          ]
        }
      ]
    },
    {
      "mode": "managed",
      "type": "libvirt_volume",
      "name": "os_disk",
      "provider": "provider[\"registry.terraform.io/dmacvicar/libvirt\"]",
      "instances": [
        {
          "index_key": 0,
          "schema_version": 0,
          "attributes": {
            "base_volume_id": "/var/lib/libvirt/images/aeron_pool/aeron-golden.qcow2",
            "base_volume_name": null,
            "base_volume_pool": null,
            "format": "qcow2",
            "id": "/var/lib/libvirt/images/aeron_pool/web-node-1-os.qcow2",
            "name": "web-node-1-os.qcow2",
            "pool": "aeron_pool",
            "size": 21474836480,
            "source": null,
            "xml": []
          },
          "sensitive_attributes": [],
          "identity_schema_version": 0,
          "private": "bnVsbA==",
          "dependencies": [
            "libvirt_pool.aeron_pool",
            "libvirt_volume.golden"
          ]
        },
        {
          "index_key": 1,
          "schema_version": 0,
          "attributes": {
            "base_volume_id": "/var/lib/libvirt/images/aeron_pool/aeron-golden.qcow2",
            "base_volume_name": null,
            "base_volume_pool": null,
            "format": "qcow2",
            "id": "/var/lib/libvirt/images/aeron_pool/web-node-2-os.qcow2",
            "name": "web-node-2-os.qcow2",
            "pool": "aeron_pool",
            "size": 21474836480,
            "source": null,
            "xml": []
          },
          "sensitive_attributes": [],
          "identity_schema_version": 0,
          "private": "bnVsbA==",
          "dependencies": [
            "libvirt_pool.aeron_pool",
            "libvirt_volume.golden"
          ]
        },
        {
          "index_key": 2,
          "schema_version": 0,
          "attributes": {
            "base_volume_id": "/var/lib/libvirt/images/aeron_pool/aeron-golden.qcow2",
            "base_volume_name": null,
            "base_volume_pool": null,
            "format": "qcow2",
            "id": "/var/lib/libvirt/images/aeron_pool/db-node-1-os.qcow2",
            "name": "db-node-1-os.qcow2",
            "pool": "aeron_pool",
            "size": 21474836480,
            "source": null,
            "xml": []
          },
          "sensitive_attributes": [],
          "identity_schema_version": 0,
          "private": "bnVsbA==",
          "dependencies": [
            "libvirt_pool.aeron_pool",
            "libvirt_volume.golden"
          ]
        }
      ]
    },
    {
      "mode": "managed",
      "type": "local_file",
      "name": "ansible_inventory",
      "provider": "provider[\"registry.terraform.io/hashicorp/local\"]",
      "instances": [
        {
          "schema_version": 0,
          "attributes": {
            "content": "---\nall:\n  children:\n    webservers:\n      hosts:\n        web-node-1:\n          ansible_host: 192.168.122.48\n        web-node-2:\n          ansible_host: 192.168.122.205\n    dbservers:\n      hosts:\n        db-node-1:\n          ansible_host: 192.168.122.103\n  vars:\n    ansible_user: sysadmin\n    ansible_ssh_private_key_file: /home/bunny/devops-pair-b/aeron-lab/terraform/.ssh/aeron_deploy\n    ansible_ssh_common_args: '-o StrictHostKeyChecking=no'\n",
            "content_base64": null,
            "content_base64sha256": "5da3+RYiczVvxKdKYJF438YX+VnnaGE7/pW3hdItbJ0=",
            "content_base64sha512": "4/QLvfWufQOkG6HYt5qyJfXst0Vynb0PiZpb7KJdPRgmnpmmeJ2HxGH90MGLb+LPDyGqpL2uIojPwvlC7qznKw==",
            "content_md5": "78e4fe81c0ddff1ad6825f5263d5fe3f",
            "content_sha1": "7f7b9377884ca52f84fea748f36c9b4a7c528100",
            "content_sha256": "e5d6b7f9162273356fc4a74a609178dfc617f959e768613bfe95b785d22d6c9d",
            "content_sha512": "e3f40bbdf5ae7d03a41ba1d8b79ab225f5ecb745729dbd0f899a5beca25d3d18269e99a6789d87c461fdd0c18b6fe2cf0f21aaa4bdae2288cfc2f942eeace72b",
            "directory_permission": "0777",
            "file_permission": "0644",
            "filename": "./../ansible/inventory/hosts.yml",
            "id": "7f7b9377884ca52f84fea748f36c9b4a7c528100",
            "sensitive_content": null,
            "source": null
          },
          "sensitive_attributes": [
            [
              {
                "type": "get_attr",
                "value": "sensitive_content"
              }
            ]
          ],
          "identity_schema_version": 0,
          "dependencies": [
            "libvirt_cloudinit_disk.seed",
            "libvirt_domain.node",
            "libvirt_pool.aeron_pool",
            "libvirt_volume.golden",
            "libvirt_volume.os_disk",
            "local_sensitive_file.deploy_key",
            "tls_private_key.deploy"
          ]
        }
      ]
    },
    {
      "mode": "managed",
      "type": "local_sensitive_file",
      "name": "deploy_key",
      "provider": "provider[\"registry.terraform.io/hashicorp/local\"]",
      "instances": [
        {
          "schema_version": 0,
          "attributes": {
            "content": "-----BEGIN OPENSSH PRIVATE KEY-----\nb3BlbnNzaC1rZXktdjEAAAAABG5vbmUAAAAEbm9uZQAAAAAAAAABAAAAMwAAAAtz\nc2gtZWQyNTUxOQAAACAefu40egEqajKgyXvYYKntAK8Gcd6o8ouWb88i2OqEhwAA\nAIgkENQ4JBDUOAAAAAtzc2gtZWQyNTUxOQAAACAefu40egEqajKgyXvYYKntAK8G\ncd6o8ouWb88i2OqEhwAAAEAESmc8jjdlADDE/EgeiEu+rEbP3KKwKs94VcnK5Mg1\nLB5+7jR6ASpqMqDJe9hgqe0ArwZx3qjyi5ZvzyLY6oSHAAAAAAECAwQF\n-----END OPENSSH PRIVATE KEY-----\n",
            "content_base64": null,
            "content_base64sha256": "FhI6TP/D08OujmcjVxQGs5CE+fn6P9gjbLCCOvrThHk=",
            "content_base64sha512": "CxhTdxux3A/8LjMstksz9wwkYrWHRi5lmE/rDwbvvRFV4YJEZl2VHeJMJESGt0+W36/Kgttje19Z8/LCWnVORQ==",
            "content_md5": "1bc1b5553674f26ada125f6f266760dc",
            "content_sha1": "df2f86d7c4c09673d1c635451f869192396aa09c",
            "content_sha256": "16123a4cffc3d3c3ae8e6723571406b39084f9f9fa3fd8236cb0823afad38479",
            "content_sha512": "0b1853771bb1dc0ffc2e332cb64b33f70c2462b587462e65984feb0f06efbd1155e18244665d951de24c244486b74f96dfafca82db637b5f59f3f2c25a754e45",
            "directory_permission": "0700",
            "file_permission": "0600",
            "filename": "./.ssh/aeron_deploy",
            "id": "df2f86d7c4c09673d1c635451f869192396aa09c",
            "source": null
          },
          "sensitive_attributes": [
            [
              {
                "type": "get_attr",
                "value": "content"
              }
            ],
            [
              {
                "type": "get_attr",
                "value": "content_base64"
              }
            ]
          ],
          "identity_schema_version": 0,
          "dependencies": [
            "tls_private_key.deploy"
          ]
        }
      ]
    },
    {
      "mode": "managed",
      "type": "tls_private_key",
      "name": "deploy",
      "provider": "provider[\"registry.terraform.io/hashicorp/tls\"]",
      "instances": [
        {
          "schema_version": 1,
          "attributes": {
            "algorithm": "ED25519",
            "ecdsa_curve": "P224",
            "id": "db63248c345df78ea82fe725a956ad1b21ca9ccb",
            "private_key_openssh": "-----BEGIN OPENSSH PRIVATE KEY-----\nb3BlbnNzaC1rZXktdjEAAAAABG5vbmUAAAAEbm9uZQAAAAAAAAABAAAAMwAAAAtz\nc2gtZWQyNTUxOQAAACAefu40egEqajKgyXvYYKntAK8Gcd6o8ouWb88i2OqEhwAA\nAIgkENQ4JBDUOAAAAAtzc2gtZWQyNTUxOQAAACAefu40egEqajKgyXvYYKntAK8G\ncd6o8ouWb88i2OqEhwAAAEAESmc8jjdlADDE/EgeiEu+rEbP3KKwKs94VcnK5Mg1\nLB5+7jR6ASpqMqDJe9hgqe0ArwZx3qjyi5ZvzyLY6oSHAAAAAAECAwQF\n-----END OPENSSH PRIVATE KEY-----\n",
            "private_key_pem": "-----BEGIN PRIVATE KEY-----\nMC4CAQAwBQYDK2VwBCIEIARKZzyON2UAMMT8SB6IS76sRs/corAqz3hVycrkyDUs\n-----END PRIVATE KEY-----\n",
            "private_key_pem_pkcs8": "-----BEGIN PRIVATE KEY-----\nMC4CAQAwBQYDK2VwBCIEIARKZzyON2UAMMT8SB6IS76sRs/corAqz3hVycrkyDUs\n-----END PRIVATE KEY-----\n",
            "public_key_fingerprint_md5": "38:09:c4:35:62:bd:86:0d:bd:9d:d2:4e:56:37:74:0f",
            "public_key_fingerprint_sha256": "SHA256:IJEf1NX0pZKrFsyp2LEYiOoMg2llDwY6xNeBOlXj0pA",
            "public_key_openssh": "ssh-ed25519 AAAAC3NzaC1lZDI1NTE5AAAAIB5+7jR6ASpqMqDJe9hgqe0ArwZx3qjyi5ZvzyLY6oSH\n",
            "public_key_pem": "-----BEGIN PUBLIC KEY-----\nMCowBQYDK2VwAyEAHn7uNHoBKmoyoMl72GCp7QCvBnHeqPKLlm/PItjqhIc=\n-----END PUBLIC KEY-----\n",
            "rsa_bits": 2048
          },
          "sensitive_attributes": [
            [
              {
                "type": "get_attr",
                "value": "private_key_openssh"
              }
            ],
            [
              {
                "type": "get_attr",
                "value": "private_key_pem"
              }
            ],
            [
              {
                "type": "get_attr",
                "value": "private_key_pem_pkcs8"
              }
            ]
          ],
          "identity_schema_version": 0
        }
      ]
    }
  ],
  "check_results": null
}
